
Microsoft Visual Studio Solution File, Format Version 12.00
# Visual Studio Version 17
VisualStudioVersion = 17.14.36414.22 d17.14
MinimumVisualStudioVersion = 10.0.40219.1
Project("{FAE04EC0-301F-11D3-BF4B-00C04F79EFBC}") = "Sõidukite", "Sõidukite.csproj", "{AACF6D1D-3909-4035-BD6F-0F389435FFC2}"
EndProject
Global
	GlobalSection(SolutionConfigurationPlatforms) = preSolution
		Debug|Any CPU = Debug|Any CPU
		Release|Any CPU = Release|Any CPU
	EndGlobalSection
	GlobalSection(ProjectConfigurationPlatforms) = postSolution
		{AACF6D1D-3909-4035-BD6F-0F389435FFC2}.Debug|Any CPU.ActiveCfg = Debug|Any CPU
		{AACF6D1D-3909-4035-BD6F-0F389435FFC2}.Debug|Any CPU.Build.0 = Debug|Any CPU
		{AACF6D1D-3909-4035-BD6F-0F389435FFC2}.Release|Any CPU.ActiveCfg = Release|Any CPU
		{AACF6D1D-3909-4035-BD6F-0F389435FFC2}.Release|Any CPU.Build.0 = Release|Any CPU
	EndGlobalSection
	GlobalSection(SolutionProperties) = preSolution
		HideSolutionNode = FALSE
	EndGlobalSection
	GlobalSection(ExtensibilityGlobals) = postSolution
		SolutionGuid = {ED4BCCBE-212D-4ECE-BCAC-7BCA16372C4E}
	EndGlobalSection
EndGlobal
